
Microsoft Visual Studio Solution File, Format Version 12.00
# Visual Studio Version 17
VisualStudioVersion = 17.4.33205.214
MinimumVisualStudioVersion = 10.0.40219.1
Project("{8BC9CEB8-8B4A-11D0-8D11-00A0C91BC942}") = "Home work  30.11.2022(2)", "Home work  30.11.2022(2)\Home work  30.11.2022(2).vcxproj", "{EB4E6AF0-6622-40A2-A88F-B481E9CFB32B}"
EndProject
Global
	GlobalSection(SolutionConfigurationPlatforms) = preSolution
		Debug|x64 = Debug|x64
		Debug|x86 = Debug|x86
		Release|x64 = Release|x64
		Release|x86 = Release|x86
	EndGlobalSection
	GlobalSection(ProjectConfigurationPlatforms) = postSolution
		{EB4E6AF0-6622-40A2-A88F-B481E9CFB32B}.Debug|x64.ActiveCfg = Debug|x64
		{EB4E6AF0-6622-40A2-A88F-B481E9CFB32B}.Debug|x64.Build.0 = Debug|x64
		{EB4E6AF0-6622-40A2-A88F-B481E9CFB32B}.Debug|x86.ActiveCfg = Debug|Win32
		{EB4E6AF0-6622-40A2-A88F-B481E9CFB32B}.Debug|x86.Build.0 = Debug|Win32
		{EB4E6AF0-6622-40A2-A88F-B481E9CFB32B}.Release|x64.ActiveCfg = Release|x64
		{EB4E6AF0-6622-40A2-A88F-B481E9CFB32B}.Release|x64.Build.0 = Release|x64
		{EB4E6AF0-6622-40A2-A88F-B481E9CFB32B}.Release|x86.ActiveCfg = Release|Win32
		{EB4E6AF0-6622-40A2-A88F-B481E9CFB32B}.Release|x86.Build.0 = Release|Win32
	EndGlobalSection
	GlobalSection(SolutionProperties) = preSolution
		HideSolutionNode = FALSE
	EndGlobalSection
	GlobalSection(ExtensibilityGlobals) = postSolution
		SolutionGuid = {5C668761-F22C-4338-A5D2-E3C47055F160}
	EndGlobalSection
EndGlobal
